// !$*UTF8*$!
{
	archiveVersion = 1;
	classes = {
	};
	objectVersion = 56;
	objects = {

/* Begin PBXBuildFile section */
		1BAD2F002E8F08AE004FF9BD /* Auth in Frameworks */ = {isa = PBXBuildFile; productRef = 1BAD2EFF2E8F08AE004FF9BD /* Auth */; };
		1BAD2F022E8F08AE004FF9BD /* Functions in Frameworks */ = {isa = PBXBuildFile; productRef = 1BAD2F012E8F08AE004FF9BD /* Functions */; };
		1BAD2F042E8F08AE004FF9BD /* PostgREST in Frameworks */ = {isa = PBXBuildFile; productRef = 1BAD2F032E8F08AE004FF9BD /* PostgREST */; };
		1BAD2F062E8F08AE004FF9BD /* Realtime in Frameworks */ = {isa = PBXBuildFile; productRef = 1BAD2F052E8F08AE004FF9BD /* Realtime */; };
		1BAD2F082E8F08AE004FF9BD /* Storage in Frameworks */ = {isa = PBXBuildFile; productRef = 1BAD2F072E8F08AE004FF9BD /* Storage */; };
		1BAD2F0A2E8F08AE004FF9BD /* Supabase in Frameworks */ = {isa = PBXBuildFile; productRef = 1BAD2F092E8F08AE004FF9BD /* Supabase */; };
		A1234567890123456789012A /* JoanieApp.swift in Sources */ = {isa = PBXBuildFile; fileRef = A1234567890123456789012B /* JoanieApp.swift */; };
		A1234567890123456789012C /* ContentView.swift in Sources */ = {isa = PBXBuildFile; fileRef = A1234567890123456789012D /* ContentView.swift */; };
		A1234567890123456789012E /* Assets.xcassets in Resources */ = {isa = PBXBuildFile; fileRef = A1234567890123456789012F /* Assets.xcassets */; };
		A1234567890123456789013A /* Preview Assets.xcassets in Resources */ = {isa = PBXBuildFile; fileRef = A1234567890123456789013B /* Preview Assets.xcassets */; };
		A1234567890123456789014A /* Joanie/Utils/DependencyContainer.swift in Sources */ = {isa = PBXBuildFile; fileRef = A1234567890123456789014B /* Joanie/Utils/DependencyContainer.swift */; };
		A1234567890123456789014C /* Joanie/ViewModels/AppViewModel.swift in Sources */ = {isa = PBXBuildFile; fileRef = A1234567890123456789014D /* Joanie/ViewModels/AppViewModel.swift */; };
		A1234567890123456789014E /* Joanie/ViewModels/AuthenticationViewModel.swift in Sources */ = {isa = PBXBuildFile; fileRef = A1234567890123456789014F /* Joanie/ViewModels/AuthenticationViewModel.swift */; };
		A1234567890123456789015A /* Joanie/ViewModels/GalleryViewModel.swift in Sources */ = {isa = PBXBuildFile; fileRef = A1234567890123456789015B /* Joanie/ViewModels/GalleryViewModel.swift */; };
		A1234567890123456789015C /* Joanie/ViewModels/HomeViewModel.swift in Sources */ = {isa = PBXBuildFile; fileRef = A1234567890123456789015D /* Joanie/ViewModels/HomeViewModel.swift */; };
		A1234567890123456789015E /* Joanie/ViewModels/ProfileViewModel.swift in Sources */ = {isa = PBXBuildFile; fileRef = A1234567890123456789015F /* Joanie/ViewModels/ProfileViewModel.swift */; };
		A1234567890123456789016A /* Joanie/ViewModels/TimelineViewModel.swift in Sources */ = {isa = PBXBuildFile; fileRef = A1234567890123456789016B /* Joanie/ViewModels/TimelineViewModel.swift */; };
		A1234567890123456789016C /* Joanie/Views/LoginView.swift in Sources */ = {isa = PBXBuildFile; fileRef = A1234567890123456789016D /* Joanie/Views/LoginView.swift */; };
		A1234567890123456789016E /* Joanie/Views/RegisterView.swift in Sources */ = {isa = PBXBuildFile; fileRef = A1234567890123456789016F /* Joanie/Views/RegisterView.swift */; };
		A1234567890123456789017A /* Joanie/Views/ForgotPasswordView.swift in Sources */ = {isa = PBXBuildFile; fileRef = A1234567890123456789017B /* Joanie/Views/ForgotPasswordView.swift */; };
		A1234567890123456789017C /* Joanie/Views/ImagePicker.swift in Sources */ = {isa = PBXBuildFile; fileRef = A1234567890123456789017D /* Joanie/Views/ImagePicker.swift */; };
		A1234567890123456789017E /* Joanie/Views/PhotoCaptureView.swift in Sources */ = {isa = PBXBuildFile; fileRef = A1234567890123456789017F /* Joanie/Views/PhotoCaptureView.swift */; };
		A1234567890123456789018A /* Joanie/Views/PhotoLibraryView.swift in Sources */ = {isa = PBXBuildFile; fileRef = A1234567890123456789018B /* Joanie/Views/PhotoLibraryView.swift */; };
		A1234567890123456789018C /* Joanie/Models/AppState.swift in Sources */ = {isa = PBXBuildFile; fileRef = A1234567890123456789018D /* Joanie/Models/AppState.swift */; };
		A1234567890123456789018E /* Joanie/Models/ArtworkUpload.swift in Sources */ = {isa = PBXBuildFile; fileRef = A1234567890123456789018F /* Joanie/Models/ArtworkUpload.swift */; };
		A1234567890123456789019A /* Joanie/Models/Child.swift in Sources */ = {isa = PBXBuildFile; fileRef = A1234567890123456789019B /* Joanie/Models/Child.swift */; };
		A1234567890123456789019C /* Joanie/Models/ProgressEntry.swift in Sources */ = {isa = PBXBuildFile; fileRef = A1234567890123456789019D /* Joanie/Models/ProgressEntry.swift */; };
		A1234567890123456789019E /* Joanie/Models/Story.swift in Sources */ = {isa = PBXBuildFile; fileRef = A1234567890123456789019F /* Joanie/Models/Story.swift */; };
		A123456789012345678902A /* Joanie/Models/UserProfile.swift in Sources */ = {isa = PBXBuildFile; fileRef = A123456789012345678902B /* Joanie/Models/UserProfile.swift */; };
		A123456789012345678902C /* Joanie/Models/COPPACompliance.swift in Sources */ = {isa = PBXBuildFile; fileRef = A123456789012345678902D /* Joanie/Models/COPPACompliance.swift */; };
		A123456789012345678902E /* Joanie/Services/AIService.swift in Sources */ = {isa = PBXBuildFile; fileRef = A123456789012345678902F /* Joanie/Services/AIService.swift */; };
		A123456789012345678903A /* Joanie/Services/AuthService.swift in Sources */ = {isa = PBXBuildFile; fileRef = A123456789012345678903B /* Joanie/Services/AuthService.swift */; };
		A123456789012345678903C /* Joanie/Services/StorageService.swift in Sources */ = {isa = PBXBuildFile; fileRef = A123456789012345678903D /* Joanie/Services/StorageService.swift */; };
		A123456789012345678903E /* Joanie/Services/SupabaseService.swift in Sources */ = {isa = PBXBuildFile; fileRef = A123456789012345678903F /* Joanie/Services/SupabaseService.swift */; };
		A123456789012345678904A /* Joanie/Utils/Config.swift in Sources */ = {isa = PBXBuildFile; fileRef = A123456789012345678904B /* Joanie/Utils/Config.swift */; };
		A123456789012345678904C /* Joanie/Utils/CoreDataManager.swift in Sources */ = {isa = PBXBuildFile; fileRef = A123456789012345678904D /* Joanie/Utils/CoreDataManager.swift */; };
		A123456789012345678904E /* Joanie/Utils/DateFormatters.swift in Sources */ = {isa = PBXBuildFile; fileRef = A123456789012345678904F /* Joanie/Utils/DateFormatters.swift */; };
		A123456789012345678905A /* Joanie/Utils/ErrorHandler.swift in Sources */ = {isa = PBXBuildFile; fileRef = A123456789012345678905B /* Joanie/Utils/ErrorHandler.swift */; };
		A123456789012345678905C /* Joanie/Utils/ImageProcessor.swift in Sources */ = {isa = PBXBuildFile; fileRef = A123456789012345678905D /* Joanie/Utils/ImageProcessor.swift */; };
		A123456789012345678905E /* Joanie/Utils/Logger.swift in Sources */ = {isa = PBXBuildFile; fileRef = A123456789012345678905F /* Joanie/Utils/Logger.swift */; };
		A123456789012345678906A /* Joanie/Utils/ValidationUtils.swift in Sources */ = {isa = PBXBuildFile; fileRef = A123456789012345678906B /* Joanie/Utils/ValidationUtils.swift */; };
		A123456789012345678906C /* Joanie/Utils/KeychainService.swift in Sources */ = {isa = PBXBuildFile; fileRef = A123456789012345678906D /* Joanie/Utils/KeychainService.swift */; };
		A123456789012345678906E /* Joanie/Config/Secrets.swift in Sources */ = {isa = PBXBuildFile; fileRef = A123456789012345678906F /* Joanie/Config/Secrets.swift */; };
/* End PBXBuildFile section */

/* Begin PBXFileReference section */
		A1234567890123456789012B /* JoanieApp.swift */ = {isa = PBXFileReference; lastKnownFileType = sourcecode.swift; path = JoanieApp.swift; sourceTree = "<group>"; };
		A1234567890123456789012D /* ContentView.swift */ = {isa = PBXFileReference; lastKnownFileType = sourcecode.swift; path = ContentView.swift; sourceTree = "<group>"; };
		A1234567890123456789012F /* Assets.xcassets */ = {isa = PBXFileReference; lastKnownFileType = folder.assetcatalog; path = Assets.xcassets; sourceTree = "<group>"; };
		A1234567890123456789013B /* Preview Assets.xcassets */ = {isa = PBXFileReference; lastKnownFileType = folder.assetcatalog; path = "Preview Assets.xcassets"; sourceTree = "<group>"; };
		A1234567890123456789013C /* Info.plist */ = {isa = PBXFileReference; lastKnownFileType = text.plist.xml; path = Info.plist; sourceTree = "<group>"; };
		A1234567890123456789013E /* Joanie.app */ = {isa = PBXFileReference; explicitFileType = wrapper.application; includeInIndex = 0; path = Joanie.app; sourceTree = BUILT_PRODUCTS_DIR; };
		A1234567890123456789014B /* Joanie/Utils/DependencyContainer.swift */ = {isa = PBXFileReference; lastKnownFileType = sourcecode.swift; path = Joanie/Utils/DependencyContainer.swift; sourceTree = SOURCE_ROOT; };
		A1234567890123456789014D /* Joanie/ViewModels/AppViewModel.swift */ = {isa = PBXFileReference; lastKnownFileType = sourcecode.swift; path = Joanie/ViewModels/AppViewModel.swift; sourceTree = SOURCE_ROOT; };
		A1234567890123456789014F /* Joanie/ViewModels/AuthenticationViewModel.swift */ = {isa = PBXFileReference; lastKnownFileType = sourcecode.swift; path = Joanie/ViewModels/AuthenticationViewModel.swift; sourceTree = SOURCE_ROOT; };
		A1234567890123456789015B /* Joanie/ViewModels/GalleryViewModel.swift */ = {isa = PBXFileReference; lastKnownFileType = sourcecode.swift; path = Joanie/ViewModels/GalleryViewModel.swift; sourceTree = SOURCE_ROOT; };
		A1234567890123456789015D /* Joanie/ViewModels/HomeViewModel.swift */ = {isa = PBXFileReference; lastKnownFileType = sourcecode.swift; path = Joanie/ViewModels/HomeViewModel.swift; sourceTree = SOURCE_ROOT; };
		A1234567890123456789015F /* Joanie/ViewModels/ProfileViewModel.swift */ = {isa = PBXFileReference; lastKnownFileType = sourcecode.swift; path = Joanie/ViewModels/ProfileViewModel.swift; sourceTree = SOURCE_ROOT; };
		A1234567890123456789016B /* Joanie/ViewModels/TimelineViewModel.swift */ = {isa = PBXFileReference; lastKnownFileType = sourcecode.swift; path = Joanie/ViewModels/TimelineViewModel.swift; sourceTree = SOURCE_ROOT; };
		A1234567890123456789016D /* Joanie/Views/LoginView.swift */ = {isa = PBXFileReference; lastKnownFileType = sourcecode.swift; path = Joanie/Views/LoginView.swift; sourceTree = SOURCE_ROOT; };
		A1234567890123456789016F /* Joanie/Views/RegisterView.swift */ = {isa = PBXFileReference; lastKnownFileType = sourcecode.swift; path = Joanie/Views/RegisterView.swift; sourceTree = SOURCE_ROOT; };
		A1234567890123456789017B /* Joanie/Views/ForgotPasswordView.swift */ = {isa = PBXFileReference; lastKnownFileType = sourcecode.swift; path = Joanie/Views/ForgotPasswordView.swift; sourceTree = SOURCE_ROOT; };
		A1234567890123456789017D /* Joanie/Views/ImagePicker.swift */ = {isa = PBXFileReference; lastKnownFileType = sourcecode.swift; path = Joanie/Views/ImagePicker.swift; sourceTree = SOURCE_ROOT; };
		A1234567890123456789017F /* Joanie/Views/PhotoCaptureView.swift */ = {isa = PBXFileReference; lastKnownFileType = sourcecode.swift; path = Joanie/Views/PhotoCaptureView.swift; sourceTree = SOURCE_ROOT; };
		A1234567890123456789018B /* Joanie/Views/PhotoLibraryView.swift */ = {isa = PBXFileReference; lastKnownFileType = sourcecode.swift; path = Joanie/Views/PhotoLibraryView.swift; sourceTree = SOURCE_ROOT; };
		A1234567890123456789018D /* Joanie/Models/AppState.swift */ = {isa = PBXFileReference; lastKnownFileType = sourcecode.swift; path = Joanie/Models/AppState.swift; sourceTree = SOURCE_ROOT; };
		A1234567890123456789018F /* Joanie/Models/ArtworkUpload.swift */ = {isa = PBXFileReference; lastKnownFileType = sourcecode.swift; path = Joanie/Models/ArtworkUpload.swift; sourceTree = SOURCE_ROOT; };
		A1234567890123456789019B /* Joanie/Models/Child.swift */ = {isa = PBXFileReference; lastKnownFileType = sourcecode.swift; path = Joanie/Models/Child.swift; sourceTree = SOURCE_ROOT; };
		A1234567890123456789019D /* Joanie/Models/ProgressEntry.swift */ = {isa = PBXFileReference; lastKnownFileType = sourcecode.swift; path = Joanie/Models/ProgressEntry.swift; sourceTree = SOURCE_ROOT; };
		A1234567890123456789019F /* Joanie/Models/Story.swift */ = {isa = PBXFileReference; lastKnownFileType = sourcecode.swift; path = Joanie/Models/Story.swift; sourceTree = SOURCE_ROOT; };
		A123456789012345678902B /* Joanie/Models/UserProfile.swift */ = {isa = PBXFileReference; lastKnownFileType = sourcecode.swift; path = Joanie/Models/UserProfile.swift; sourceTree = SOURCE_ROOT; };
		A123456789012345678902D /* Joanie/Models/COPPACompliance.swift */ = {isa = PBXFileReference; lastKnownFileType = sourcecode.swift; path = Joanie/Models/COPPACompliance.swift; sourceTree = SOURCE_ROOT; };
		A123456789012345678902F /* Joanie/Services/AIService.swift */ = {isa = PBXFileReference; lastKnownFileType = sourcecode.swift; path = Joanie/Services/AIService.swift; sourceTree = SOURCE_ROOT; };
		A123456789012345678903B /* Joanie/Services/AuthService.swift */ = {isa = PBXFileReference; lastKnownFileType = sourcecode.swift; path = Joanie/Services/AuthService.swift; sourceTree = SOURCE_ROOT; };
		A123456789012345678903D /* Joanie/Services/StorageService.swift */ = {isa = PBXFileReference; lastKnownFileType = sourcecode.swift; path = Joanie/Services/StorageService.swift; sourceTree = SOURCE_ROOT; };
		A123456789012345678903F /* Joanie/Services/SupabaseService.swift */ = {isa = PBXFileReference; lastKnownFileType = sourcecode.swift; path = Joanie/Services/SupabaseService.swift; sourceTree = SOURCE_ROOT; };
		A123456789012345678904B /* Joanie/Utils/Config.swift */ = {isa = PBXFileReference; lastKnownFileType = sourcecode.swift; path = Joanie/Utils/Config.swift; sourceTree = SOURCE_ROOT; };
		A123456789012345678904D /* Joanie/Utils/CoreDataManager.swift */ = {isa = PBXFileReference; lastKnownFileType = sourcecode.swift; path = Joanie/Utils/CoreDataManager.swift; sourceTree = SOURCE_ROOT; };
		A123456789012345678904F /* Joanie/Utils/DateFormatters.swift */ = {isa = PBXFileReference; lastKnownFileType = sourcecode.swift; path = Joanie/Utils/DateFormatters.swift; sourceTree = SOURCE_ROOT; };
		A123456789012345678905B /* Joanie/Utils/ErrorHandler.swift */ = {isa = PBXFileReference; lastKnownFileType = sourcecode.swift; path = Joanie/Utils/ErrorHandler.swift; sourceTree = SOURCE_ROOT; };
		A123456789012345678905D /* Joanie/Utils/ImageProcessor.swift */ = {isa = PBXFileReference; lastKnownFileType = sourcecode.swift; path = Joanie/Utils/ImageProcessor.swift; sourceTree = SOURCE_ROOT; };
		A123456789012345678905F /* Joanie/Utils/Logger.swift */ = {isa = PBXFileReference; lastKnownFileType = sourcecode.swift; path = Joanie/Utils/Logger.swift; sourceTree = SOURCE_ROOT; };
		A123456789012345678906B /* Joanie/Utils/ValidationUtils.swift */ = {isa = PBXFileReference; lastKnownFileType = sourcecode.swift; path = Joanie/Utils/ValidationUtils.swift; sourceTree = SOURCE_ROOT; };
		A123456789012345678906D /* Joanie/Utils/KeychainService.swift */ = {isa = PBXFileReference; lastKnownFileType = sourcecode.swift; path = Joanie/Utils/KeychainService.swift; sourceTree = SOURCE_ROOT; };
		A123456789012345678906F /* Joanie/Config/Secrets.swift */ = {isa = PBXFileReference; lastKnownFileType = sourcecode.swift; path = Joanie/Config/Secrets.swift; sourceTree = SOURCE_ROOT; };
/* End PBXFileReference section */

/* Begin PBXFrameworksBuildPhase section */
		A1234567890123456789013F /* Frameworks */ = {
			isa = PBXFrameworksBuildPhase;
			buildActionMask = 2147483647;
			files = (
				1BAD2F042E8F08AE004FF9BD /* PostgREST in Frameworks */,
				1BAD2F022E8F08AE004FF9BD /* Functions in Frameworks */,
				1BAD2F0A2E8F08AE004FF9BD /* Supabase in Frameworks */,
				1BAD2F002E8F08AE004FF9BD /* Auth in Frameworks */,
				1BAD2F082E8F08AE004FF9BD /* Storage in Frameworks */,
				1BAD2F062E8F08AE004FF9BD /* Realtime in Frameworks */,
			);
			runOnlyForDeploymentPostprocessing = 0;
		};
/* End PBXFrameworksBuildPhase section */

/* Begin PBXGroup section */
		1BAD2EFE2E8F0899004FF9BD /* Frameworks */ = {
			isa = PBXGroup;
			children = (
			);
			name = Frameworks;
			sourceTree = "<group>";
		};
		1BD102E82E8EFF7700FEF3A2 /* Recovered References */ = {
			isa = PBXGroup;
			children = (
				A1234567890123456789014B /* Joanie/Utils/DependencyContainer.swift */,
				A1234567890123456789018D /* Joanie/Models/AppState.swift */,
				A1234567890123456789018F /* Joanie/Models/ArtworkUpload.swift */,
				A1234567890123456789019B /* Joanie/Models/Child.swift */,
				A1234567890123456789019D /* Joanie/Models/ProgressEntry.swift */,
				A1234567890123456789019F /* Joanie/Models/Story.swift */,
				A123456789012345678902B /* Joanie/Models/UserProfile.swift */,
				A123456789012345678902D /* Joanie/Models/COPPACompliance.swift */,
				A123456789012345678904B /* Joanie/Utils/Config.swift */,
				A123456789012345678904D /* Joanie/Utils/CoreDataManager.swift */,
				A123456789012345678904F /* Joanie/Utils/DateFormatters.swift */,
				A123456789012345678905B /* Joanie/Utils/ErrorHandler.swift */,
				A123456789012345678905D /* Joanie/Utils/ImageProcessor.swift */,
				A123456789012345678905F /* Joanie/Utils/Logger.swift */,
				A123456789012345678906B /* Joanie/Utils/ValidationUtils.swift */,
				A123456789012345678906D /* Joanie/Utils/KeychainService.swift */,
				A123456789012345678906F /* Joanie/Config/Secrets.swift */,
				A123456789012345678903F /* Joanie/Services/SupabaseService.swift */,
				A123456789012345678902F /* Joanie/Services/AIService.swift */,
				A123456789012345678903B /* Joanie/Services/AuthService.swift */,
				A123456789012345678903D /* Joanie/Services/StorageService.swift */,
				A1234567890123456789014D /* Joanie/ViewModels/AppViewModel.swift */,
				A1234567890123456789014F /* Joanie/ViewModels/AuthenticationViewModel.swift */,
				A1234567890123456789015B /* Joanie/ViewModels/GalleryViewModel.swift */,
				A1234567890123456789015D /* Joanie/ViewModels/HomeViewModel.swift */,
				A1234567890123456789015F /* Joanie/ViewModels/ProfileViewModel.swift */,
				A1234567890123456789016B /* Joanie/ViewModels/TimelineViewModel.swift */,
				A1234567890123456789016D /* Joanie/Views/LoginView.swift */,
				A1234567890123456789016F /* Joanie/Views/RegisterView.swift */,
				A1234567890123456789017B /* Joanie/Views/ForgotPasswordView.swift */,
				A1234567890123456789017D /* Joanie/Views/ImagePicker.swift */,
				A1234567890123456789017F /* Joanie/Views/PhotoCaptureView.swift */,
				A1234567890123456789018B /* Joanie/Views/PhotoLibraryView.swift */,
			);
			name = "Recovered References";
			sourceTree = "<group>";
		};
		A1234567890123456789013G /* Joanie */ = {
			isa = PBXGroup;
			children = (
				A1234567890123456789012B /* JoanieApp.swift */,
				A1234567890123456789012D /* ContentView.swift */,
				A1234567890123456789012F /* Assets.xcassets */,
				A1234567890123456789013C /* Info.plist */,
				A1234567890123456789013H /* Preview Content */,
			);
			path = Joanie;
			sourceTree = "<group>";
		};
		A1234567890123456789013H /* Preview Content */ = {
			isa = PBXGroup;
			children = (
				A1234567890123456789013B /* Preview Assets.xcassets */,
			);
			path = "Preview Content";
			sourceTree = "<group>";
		};
		A1234567890123456789013I /* Products */ = {
			isa = PBXGroup;
			children = (
				A1234567890123456789013E /* Joanie.app */,
			);
			name = Products;
			sourceTree = "<group>";
		};
		A1234567890123456789013J = {
			isa = PBXGroup;
			children = (
				A1234567890123456789013G /* Joanie */,
				A1234567890123456789013I /* Products */,
				1BD102E82E8EFF7700FEF3A2 /* Recovered References */,
				1BAD2EFE2E8F0899004FF9BD /* Frameworks */,
			);
			sourceTree = "<group>";
		};
/* End PBXGroup section */

/* Begin PBXNativeTarget section */
		A1234567890123456789013K /* Joanie */ = {
			isa = PBXNativeTarget;
			buildConfigurationList = A1234567890123456789013L /* Build configuration list for PBXNativeTarget "Joanie" */;
			buildPhases = (
				A1234567890123456789013M /* Sources */,
				A1234567890123456789013F /* Frameworks */,
				A1234567890123456789013N /* Resources */,
			);
			buildRules = (
			);
			dependencies = (
			);
			name = Joanie;
			productName = Joanie;
			productReference = A1234567890123456789013E /* Joanie.app */;
			productType = "com.apple.product-type.application";
		};
/* End PBXNativeTarget section */

/* Begin PBXProject section */
		A1234567890123456789013O /* Project object */ = {
			isa = PBXProject;
			attributes = {
				BuildIndependentTargetsInParallel = 1;
				LastSwiftUpdateCheck = 1500;
				LastUpgradeCheck = 1500;
				TargetAttributes = {
					A1234567890123456789013K = {
						CreatedOnToolsVersion = 15.0;
					};
				};
			};
			buildConfigurationList = A1234567890123456789013P /* Build configuration list for PBXProject "Joanie" */;
			compatibilityVersion = "Xcode 14.0";
			developmentRegion = en;
			hasScannedForEncodings = 0;
			knownRegions = (
				en,
				Base,
			);
			mainGroup = A1234567890123456789013J;
			packageReferences = (
				1BD102E92E8F00C200FEF3A2 /* XCRemoteSwiftPackageReference "supabase-swift" */,
			);
			productRefGroup = A1234567890123456789013I /* Products */;
			projectDirPath = "";
			projectRoot = "";
			targets = (
				A1234567890123456789013K /* Joanie */,
			);
		};
/* End PBXProject section */

/* Begin PBXResourcesBuildPhase section */
		A1234567890123456789013N /* Resources */ = {
			isa = PBXResourcesBuildPhase;
			buildActionMask = 2147483647;
			files = (
				A1234567890123456789013A /* Preview Assets.xcassets in Resources */,
				A1234567890123456789012E /* Assets.xcassets in Resources */,
			);
			runOnlyForDeploymentPostprocessing = 0;
		};
/* End PBXResourcesBuildPhase section */

/* Begin PBXSourcesBuildPhase section */
		A1234567890123456789013M /* Sources */ = {
			isa = PBXSourcesBuildPhase;
			buildActionMask = 2147483647;
			files = (
				A1234567890123456789012C /* ContentView.swift in Sources */,
				A1234567890123456789012A /* JoanieApp.swift in Sources */,
				A1234567890123456789014A /* Joanie/Utils/DependencyContainer.swift in Sources */,
				A1234567890123456789018C /* Joanie/Models/AppState.swift in Sources */,
				A1234567890123456789018E /* Joanie/Models/ArtworkUpload.swift in Sources */,
				A1234567890123456789019A /* Joanie/Models/Child.swift in Sources */,
				A1234567890123456789019C /* Joanie/Models/ProgressEntry.swift in Sources */,
				A1234567890123456789019E /* Joanie/Models/Story.swift in Sources */,
				A123456789012345678902A /* Joanie/Models/UserProfile.swift in Sources */,
				A123456789012345678902C /* Joanie/Models/COPPACompliance.swift in Sources */,
				A123456789012345678904A /* Joanie/Utils/Config.swift in Sources */,
				A123456789012345678904C /* Joanie/Utils/CoreDataManager.swift in Sources */,
				A123456789012345678904E /* Joanie/Utils/DateFormatters.swift in Sources */,
				A123456789012345678905A /* Joanie/Utils/ErrorHandler.swift in Sources */,
				A123456789012345678905C /* Joanie/Utils/ImageProcessor.swift in Sources */,
				A123456789012345678905E /* Joanie/Utils/Logger.swift in Sources */,
				A123456789012345678906A /* Joanie/Utils/ValidationUtils.swift in Sources */,
				A123456789012345678906C /* Joanie/Utils/KeychainService.swift in Sources */,
				A123456789012345678906E /* Joanie/Config/Secrets.swift in Sources */,
				A123456789012345678903E /* Joanie/Services/SupabaseService.swift in Sources */,
				A123456789012345678902E /* Joanie/Services/AIService.swift in Sources */,
				A123456789012345678903A /* Joanie/Services/AuthService.swift in Sources */,
				A123456789012345678903C /* Joanie/Services/StorageService.swift in Sources */,
				A1234567890123456789014C /* Joanie/ViewModels/AppViewModel.swift in Sources */,
				A1234567890123456789014E /* Joanie/ViewModels/AuthenticationViewModel.swift in Sources */,
				A1234567890123456789015A /* Joanie/ViewModels/GalleryViewModel.swift in Sources */,
				A1234567890123456789015C /* Joanie/ViewModels/HomeViewModel.swift in Sources */,
				A1234567890123456789015E /* Joanie/ViewModels/ProfileViewModel.swift in Sources */,
				A1234567890123456789016A /* Joanie/ViewModels/TimelineViewModel.swift in Sources */,
				A1234567890123456789016C /* Joanie/Views/LoginView.swift in Sources */,
				A1234567890123456789016E /* Joanie/Views/RegisterView.swift in Sources */,
				A1234567890123456789017A /* Joanie/Views/ForgotPasswordView.swift in Sources */,
				A1234567890123456789017C /* Joanie/Views/ImagePicker.swift in Sources */,
				A1234567890123456789017E /* Joanie/Views/PhotoCaptureView.swift in Sources */,
				A1234567890123456789018A /* Joanie/Views/PhotoLibraryView.swift in Sources */,
			);
			runOnlyForDeploymentPostprocessing = 0;
		};
/* End PBXSourcesBuildPhase section */

/* Begin XCBuildConfiguration section */
		A1234567890123456789013Q /* Debug */ = {
			isa = XCBuildConfiguration;
			buildSettings = {
				ALWAYS_SEARCH_USER_PATHS = NO;
				ASSETCATALOG_COMPILER_GENERATE_SWIFT_ASSET_SYMBOL_EXTENSIONS = YES;
				CLANG_ANALYZER_NONNULL = YES;
				CLANG_ANALYZER_NUMBER_OBJECT_CONVERSION = YES_AGGRESSIVE;
				CLANG_CXX_LANGUAGE_STANDARD = "gnu++20";
				CLANG_ENABLE_MODULES = YES;
				CLANG_ENABLE_OBJC_ARC = YES;
				CLANG_ENABLE_OBJC_WEAK = YES;
				CLANG_WARN_BLOCK_CAPTURE_AUTORELEASING = YES;
				CLANG_WARN_BOOL_CONVERSION = YES;
				CLANG_WARN_COMMA = YES;
				CLANG_WARN_CONSTANT_CONVERSION = YES;
				CLANG_WARN_DEPRECATED_OBJC_IMPLEMENTATIONS = YES;
				CLANG_WARN_DIRECT_OBJC_ISA_USAGE = YES_ERROR;
				CLANG_WARN_DOCUMENTATION_COMMENTS = YES;
				CLANG_WARN_EMPTY_BODY = YES;
				CLANG_WARN_ENUM_CONVERSION = YES;
				CLANG_WARN_INFINITE_RECURSION = YES;
				CLANG_WARN_INT_CONVERSION = YES;
				CLANG_WARN_NON_LITERAL_NULL_CONVERSION = YES;
				CLANG_WARN_OBJC_IMPLICIT_RETAIN_SELF = YES;
				CLANG_WARN_OBJC_LITERAL_CONVERSION = YES;
				CLANG_WARN_OBJC_ROOT_CLASS = YES_ERROR;
				CLANG_WARN_QUOTED_INCLUDE_IN_FRAMEWORK_HEADER = YES;
				CLANG_WARN_RANGE_LOOP_ANALYSIS = YES;
				CLANG_WARN_STRICT_PROTOTYPES = YES;
				CLANG_WARN_SUSPICIOUS_MOVE = YES;
				CLANG_WARN_UNGUARDED_AVAILABILITY = YES_AGGRESSIVE;
				CLANG_WARN_UNREACHABLE_CODE = YES;
				CLANG_WARN__DUPLICATE_METHOD_MATCH = YES;
				COPY_PHASE_STRIP = NO;
				DEBUG_INFORMATION_FORMAT = dwarf;
				ENABLE_STRICT_OBJC_MSGSEND = YES;
				ENABLE_TESTABILITY = YES;
				ENABLE_USER_SCRIPT_SANDBOXING = YES;
				GCC_C_LANGUAGE_STANDARD = gnu17;
				GCC_DYNAMIC_NO_PIC = NO;
				GCC_NO_COMMON_BLOCKS = YES;
				GCC_OPTIMIZATION_LEVEL = 0;
				GCC_PREPROCESSOR_DEFINITIONS = (
					"DEBUG=1",
					"$(inherited)",
				);
				GCC_WARN_64_TO_32_BIT_CONVERSION = YES;
				GCC_WARN_ABOUT_RETURN_TYPE = YES_ERROR;
				GCC_WARN_UNDECLARED_SELECTOR = YES;
				GCC_WARN_UNINITIALIZED_AUTOS = YES_AGGRESSIVE;
				GCC_WARN_UNUSED_FUNCTION = YES;
				GCC_WARN_UNUSED_VARIABLE = YES;
				IPHONEOS_DEPLOYMENT_TARGET = 17.0;
				LOCALIZATION_PREFERS_STRING_CATALOGS = YES;
				MTL_ENABLE_DEBUG_INFO = INCLUDE_SOURCE;
				MTL_FAST_MATH = YES;
				ONLY_ACTIVE_ARCH = YES;
				SDKROOT = iphoneos;
				SWIFT_ACTIVE_COMPILATION_CONDITIONS = "DEBUG $(inherited)";
				SWIFT_OPTIMIZATION_LEVEL = "-Onone";
			};
			name = Debug;
		};
		A1234567890123456789013R /* Release */ = {
			isa = XCBuildConfiguration;
			buildSettings = {
				ALWAYS_SEARCH_USER_PATHS = NO;
				ASSETCATALOG_COMPILER_GENERATE_SWIFT_ASSET_SYMBOL_EXTENSIONS = YES;
				CLANG_ANALYZER_NONNULL = YES;
				CLANG_ANALYZER_NUMBER_OBJECT_CONVERSION = YES_AGGRESSIVE;
				CLANG_CXX_LANGUAGE_STANDARD = "gnu++20";
				CLANG_ENABLE_MODULES = YES;
				CLANG_ENABLE_OBJC_ARC = YES;
				CLANG_ENABLE_OBJC_WEAK = YES;
				CLANG_WARN_BLOCK_CAPTURE_AUTORELEASING = YES;
				CLANG_WARN_BOOL_CONVERSION = YES;
				CLANG_WARN_COMMA = YES;
				CLANG_WARN_CONSTANT_CONVERSION = YES;
				CLANG_WARN_DEPRECATED_OBJC_IMPLEMENTATIONS = YES;
				CLANG_WARN_DIRECT_OBJC_ISA_USAGE = YES_ERROR;
				CLANG_WARN_DOCUMENTATION_COMMENTS = YES;
				CLANG_WARN_EMPTY_BODY = YES;
				CLANG_WARN_ENUM_CONVERSION = YES;
				CLANG_WARN_INFINITE_RECURSION = YES;
				CLANG_WARN_INT_CONVERSION = YES;
				CLANG_WARN_NON_LITERAL_NULL_CONVERSION = YES;
				CLANG_WARN_OBJC_IMPLICIT_RETAIN_SELF = YES;
				CLANG_WARN_OBJC_LITERAL_CONVERSION = YES;
				CLANG_WARN_OBJC_ROOT_CLASS = YES_ERROR;
				CLANG_WARN_QUOTED_INCLUDE_IN_FRAMEWORK_HEADER = YES;
				CLANG_WARN_RANGE_LOOP_ANALYSIS = YES;
				CLANG_WARN_STRICT_PROTOTYPES = YES;
				CLANG_WARN_SUSPICIOUS_MOVE = YES;
				CLANG_WARN_UNGUARDED_AVAILABILITY = YES_AGGRESSIVE;
				CLANG_WARN_UNREACHABLE_CODE = YES;
				CLANG_WARN__DUPLICATE_METHOD_MATCH = YES;
				COPY_PHASE_STRIP = NO;
				DEBUG_INFORMATION_FORMAT = "dwarf-with-dsym";
				ENABLE_NS_ASSERTIONS = NO;
				ENABLE_STRICT_OBJC_MSGSEND = YES;
				ENABLE_USER_SCRIPT_SANDBOXING = YES;
				GCC_C_LANGUAGE_STANDARD = gnu17;
				GCC_NO_COMMON_BLOCKS = YES;
				GCC_WARN_64_TO_32_BIT_CONVERSION = YES;
				GCC_WARN_ABOUT_RETURN_TYPE = YES_ERROR;
				GCC_WARN_UNDECLARED_SELECTOR = YES;
				GCC_WARN_UNINITIALIZED_AUTOS = YES_AGGRESSIVE;
				GCC_WARN_UNUSED_FUNCTION = YES;
				GCC_WARN_UNUSED_VARIABLE = YES;
				IPHONEOS_DEPLOYMENT_TARGET = 17.0;
				LOCALIZATION_PREFERS_STRING_CATALOGS = YES;
				MTL_ENABLE_DEBUG_INFO = NO;
				MTL_FAST_MATH = YES;
				SDKROOT = iphoneos;
				SWIFT_COMPILATION_MODE = wholemodule;
				VALIDATE_PRODUCT = YES;
			};
			name = Release;
		};
		A1234567890123456789013S /* Debug */ = {
			isa = XCBuildConfiguration;
			buildSettings = {
				ASSETCATALOG_COMPILER_APPICON_NAME = AppIcon;
				ASSETCATALOG_COMPILER_GLOBAL_ACCENT_COLOR_NAME = AccentColor;
				CODE_SIGN_STYLE = Automatic;
				CURRENT_PROJECT_VERSION = 1;
				DEVELOPMENT_ASSET_PATHS = "\"Joanie/Preview Content\"";
				DEVELOPMENT_TEAM = 6Y226BJFJ7;
				ENABLE_PREVIEWS = YES;
				GENERATE_INFOPLIST_FILE = NO;
				INFOPLIST_FILE = Joanie/Info.plist;
				INFOPLIST_KEY_UIApplicationSceneManifest_Generation = YES;
				INFOPLIST_KEY_UIApplicationSupportsIndirectInputEvents = YES;
				INFOPLIST_KEY_UILaunchScreen_Generation = YES;
				INFOPLIST_KEY_UISupportedInterfaceOrientations_iPad = "UIInterfaceOrientationPortrait UIInterfaceOrientationPortraitUpsideDown UIInterfaceOrientationLandscapeLeft UIInterfaceOrientationLandscapeRight";
				INFOPLIST_KEY_UISupportedInterfaceOrientations_iPhone = "UIInterfaceOrientationPortrait UIInterfaceOrientationLandscapeLeft UIInterfaceOrientationLandscapeRight";
				LD_RUNPATH_SEARCH_PATHS = (
					"$(inherited)",
					"@executable_path/Frameworks",
				);
				MARKETING_VERSION = 1.0;
				PRODUCT_BUNDLE_IDENTIFIER = com.joanie.app;
				PRODUCT_NAME = "$(TARGET_NAME)";
				SWIFT_EMIT_LOC_STRINGS = YES;
				SWIFT_VERSION = 5.0;
				TARGETED_DEVICE_FAMILY = "1,2";
			};
			name = Debug;
		};
		A1234567890123456789013T /* Release */ = {
			isa = XCBuildConfiguration;
			buildSettings = {
				ASSETCATALOG_COMPILER_APPICON_NAME = AppIcon;
				ASSETCATALOG_COMPILER_GLOBAL_ACCENT_COLOR_NAME = AccentColor;
				CODE_SIGN_STYLE = Automatic;
				CURRENT_PROJECT_VERSION = 1;
				DEVELOPMENT_ASSET_PATHS = "\"Joanie/Preview Content\"";
				DEVELOPMENT_TEAM = 6Y226BJFJ7;
				ENABLE_PREVIEWS = YES;
				GENERATE_INFOPLIST_FILE = NO;
				INFOPLIST_FILE = Joanie/Info.plist;
				INFOPLIST_KEY_UIApplicationSceneManifest_Generation = YES;
				INFOPLIST_KEY_UIApplicationSupportsIndirectInputEvents = YES;
				INFOPLIST_KEY_UILaunchScreen_Generation = YES;
				INFOPLIST_KEY_UISupportedInterfaceOrientations_iPad = "UIInterfaceOrientationPortrait UIInterfaceOrientationPortraitUpsideDown UIInterfaceOrientationLandscapeLeft UIInterfaceOrientationLandscapeRight";
				INFOPLIST_KEY_UISupportedInterfaceOrientations_iPhone = "UIInterfaceOrientationPortrait UIInterfaceOrientationLandscapeLeft UIInterfaceOrientationLandscapeRight";
				LD_RUNPATH_SEARCH_PATHS = (
					"$(inherited)",
					"@executable_path/Frameworks",
				);
				MARKETING_VERSION = 1.0;
				PRODUCT_BUNDLE_IDENTIFIER = com.joanie.app;
				PRODUCT_NAME = "$(TARGET_NAME)";
				SWIFT_EMIT_LOC_STRINGS = YES;
				SWIFT_VERSION = 5.0;
				TARGETED_DEVICE_FAMILY = "1,2";
			};
			name = Release;
		};
/* End XCBuildConfiguration section */

/* Begin XCConfigurationList section */
		A1234567890123456789013L /* Build configuration list for PBXNativeTarget "Joanie" */ = {
			isa = XCConfigurationList;
			buildConfigurations = (
				A1234567890123456789013S /* Debug */,
				A1234567890123456789013T /* Release */,
			);
			defaultConfigurationIsVisible = 0;
			defaultConfigurationName = Release;
		};
		A1234567890123456789013P /* Build configuration list for PBXProject "Joanie" */ = {
			isa = XCConfigurationList;
			buildConfigurations = (
				A1234567890123456789013Q /* Debug */,
				A1234567890123456789013R /* Release */,
			);
			defaultConfigurationIsVisible = 0;
			defaultConfigurationName = Release;
		};
/* End XCConfigurationList section */

/* Begin XCRemoteSwiftPackageReference section */
		1BD102E92E8F00C200FEF3A2 /* XCRemoteSwiftPackageReference "supabase-swift" */ = {
			isa = XCRemoteSwiftPackageReference;
			repositoryURL = "https://github.com/supabase/supabase-swift";
			requirement = {
				kind = upToNextMajorVersion;
				minimumVersion = 2.5.1;
			};
		};
/* End XCRemoteSwiftPackageReference section */

/* Begin XCSwiftPackageProductDependency section */
		1BAD2EFF2E8F08AE004FF9BD /* Auth */ = {
			isa = XCSwiftPackageProductDependency;
			package = 1BD102E92E8F00C200FEF3A2 /* XCRemoteSwiftPackageReference "supabase-swift" */;
			productName = Auth;
		};
		1BAD2F012E8F08AE004FF9BD /* Functions */ = {
			isa = XCSwiftPackageProductDependency;
			package = 1BD102E92E8F00C200FEF3A2 /* XCRemoteSwiftPackageReference "supabase-swift" */;
			productName = Functions;
		};
		1BAD2F032E8F08AE004FF9BD /* PostgREST */ = {
			isa = XCSwiftPackageProductDependency;
			package = 1BD102E92E8F00C200FEF3A2 /* XCRemoteSwiftPackageReference "supabase-swift" */;
			productName = PostgREST;
		};
		1BAD2F052E8F08AE004FF9BD /* Realtime */ = {
			isa = XCSwiftPackageProductDependency;
			package = 1BD102E92E8F00C200FEF3A2 /* XCRemoteSwiftPackageReference "supabase-swift" */;
			productName = Realtime;
		};
		1BAD2F072E8F08AE004FF9BD /* Storage */ = {
			isa = XCSwiftPackageProductDependency;
			package = 1BD102E92E8F00C200FEF3A2 /* XCRemoteSwiftPackageReference "supabase-swift" */;
			productName = Storage;
		};
		1BAD2F092E8F08AE004FF9BD /* Supabase */ = {
			isa = XCSwiftPackageProductDependency;
			package = 1BD102E92E8F00C200FEF3A2 /* XCRemoteSwiftPackageReference "supabase-swift" */;
			productName = Supabase;
		};
/* End XCSwiftPackageProductDependency section */
	};
	rootObject = A1234567890123456789013O /* Project object */;
}
